
Microsoft Visual Studio Solution File, Format Version 12.00
# Visual Studio Version 16
VisualStudioVersion = 16.0.31205.134
MinimumVisualStudioVersion = 10.0.40219.1
Project("{9A19103F-16F7-4668-BE54-9A1E7A4F7556}") = "CSAssign", "CS Delegate\CSAssign.csproj", "{A18B8D52-B47C-4D63-ABD3-0F19F5AB19B9}"
EndProject
Project("{9A19103F-16F7-4668-BE54-9A1E7A4F7556}") = "GenericApp", "CS_Generic_App\GenericApp.csproj", "{B02AF57D-C015-4EBF-9F1F-183209B101BD}"
EndProject
Project("{9A19103F-16F7-4668-BE54-9A1E7A4F7556}") = "Threading", "CS_Threading_Sync\Threading.csproj", "{3843EF49-EE75-4BC1-861D-43C57CE17071}"
EndProject
Project("{9A19103F-16F7-4668-BE54-9A1E7A4F7556}") = "Core_Console_App", "Core_Console_App\Core_Console_App.csproj", "{37548DE7-61E9-40BD-9D4C-2BDC3E4072BF}"
EndProject
Project("{9A19103F-16F7-4668-BE54-9A1E7A4F7556}") = "Core_CodeFirst", "Core_CodeFirst+Again\Core_CodeFirst.csproj", "{F5302754-DFA7-4798-8B9C-6F711101975C}"
EndProject
Project("{9A19103F-16F7-4668-BE54-9A1E7A4F7556}") = "CheckUserRole", "Cs Assignment\CheckUserRole.csproj", "{4522F004-F2B8-4B33-BAA5-A3D802A6272B}"
EndProject
Project("{9A19103F-16F7-4668-BE54-9A1E7A4F7556}") = "Core_WebApi", "Core_WebApi\Core_WebApi.csproj", "{A129B307-DC1D-436E-B216-3791408A2CF2}"
EndProject
Project("{9A19103F-16F7-4668-BE54-9A1E7A4F7556}") = "WebApiDemo", "WebApi_Assign\WebApiDemo.csproj", "{5D2D3F0C-75D1-40EF-93EE-50C32B7202B3}"
EndProject
Project("{9A19103F-16F7-4668-BE54-9A1E7A4F7556}") = "MVC_Security", "MVC_Security\MVC_Security.csproj", "{AFFAD31A-AF9F-4F2A-8410-03B6948BF012}"
EndProject
Global
	GlobalSection(SolutionConfigurationPlatforms) = preSolution
		Debug|Any CPU = Debug|Any CPU
		Release|Any CPU = Release|Any CPU
	EndGlobalSection
	GlobalSection(ProjectConfigurationPlatforms) = postSolution
		{A18B8D52-B47C-4D63-ABD3-0F19F5AB19B9}.Debug|Any CPU.ActiveCfg = Debug|Any CPU
		{A18B8D52-B47C-4D63-ABD3-0F19F5AB19B9}.Debug|Any CPU.Build.0 = Debug|Any CPU
		{A18B8D52-B47C-4D63-ABD3-0F19F5AB19B9}.Release|Any CPU.ActiveCfg = Release|Any CPU
		{A18B8D52-B47C-4D63-ABD3-0F19F5AB19B9}.Release|Any CPU.Build.0 = Release|Any CPU
		{B02AF57D-C015-4EBF-9F1F-183209B101BD}.Debug|Any CPU.ActiveCfg = Debug|Any CPU
		{B02AF57D-C015-4EBF-9F1F-183209B101BD}.Debug|Any CPU.Build.0 = Debug|Any CPU
		{B02AF57D-C015-4EBF-9F1F-183209B101BD}.Release|Any CPU.ActiveCfg = Release|Any CPU
		{B02AF57D-C015-4EBF-9F1F-183209B101BD}.Release|Any CPU.Build.0 = Release|Any CPU
		{3843EF49-EE75-4BC1-861D-43C57CE17071}.Debug|Any CPU.ActiveCfg = Debug|Any CPU
		{3843EF49-EE75-4BC1-861D-43C57CE17071}.Debug|Any CPU.Build.0 = Debug|Any CPU
		{3843EF49-EE75-4BC1-861D-43C57CE17071}.Release|Any CPU.ActiveCfg = Release|Any CPU
		{3843EF49-EE75-4BC1-861D-43C57CE17071}.Release|Any CPU.Build.0 = Release|Any CPU
		{37548DE7-61E9-40BD-9D4C-2BDC3E4072BF}.Debug|Any CPU.ActiveCfg = Debug|Any CPU
		{37548DE7-61E9-40BD-9D4C-2BDC3E4072BF}.Debug|Any CPU.Build.0 = Debug|Any CPU
		{37548DE7-61E9-40BD-9D4C-2BDC3E4072BF}.Release|Any CPU.ActiveCfg = Release|Any CPU
		{37548DE7-61E9-40BD-9D4C-2BDC3E4072BF}.Release|Any CPU.Build.0 = Release|Any CPU
		{F5302754-DFA7-4798-8B9C-6F711101975C}.Debug|Any CPU.ActiveCfg = Debug|Any CPU
		{F5302754-DFA7-4798-8B9C-6F711101975C}.Debug|Any CPU.Build.0 = Debug|Any CPU
		{F5302754-DFA7-4798-8B9C-6F711101975C}.Release|Any CPU.ActiveCfg = Release|Any CPU
		{F5302754-DFA7-4798-8B9C-6F711101975C}.Release|Any CPU.Build.0 = Release|Any CPU
		{4522F004-F2B8-4B33-BAA5-A3D802A6272B}.Debug|Any CPU.ActiveCfg = Debug|Any CPU
		{4522F004-F2B8-4B33-BAA5-A3D802A6272B}.Debug|Any CPU.Build.0 = Debug|Any CPU
		{4522F004-F2B8-4B33-BAA5-A3D802A6272B}.Release|Any CPU.ActiveCfg = Release|Any CPU
		{4522F004-F2B8-4B33-BAA5-A3D802A6272B}.Release|Any CPU.Build.0 = Release|Any CPU
		{A129B307-DC1D-436E-B216-3791408A2CF2}.Debug|Any CPU.ActiveCfg = Debug|Any CPU
		{A129B307-DC1D-436E-B216-3791408A2CF2}.Debug|Any CPU.Build.0 = Debug|Any CPU
		{A129B307-DC1D-436E-B216-3791408A2CF2}.Release|Any CPU.ActiveCfg = Release|Any CPU
		{A129B307-DC1D-436E-B216-3791408A2CF2}.Release|Any CPU.Build.0 = Release|Any CPU
		{5D2D3F0C-75D1-40EF-93EE-50C32B7202B3}.Debug|Any CPU.ActiveCfg = Debug|Any CPU
		{5D2D3F0C-75D1-40EF-93EE-50C32B7202B3}.Debug|Any CPU.Build.0 = Debug|Any CPU
		{5D2D3F0C-75D1-40EF-93EE-50C32B7202B3}.Release|Any CPU.ActiveCfg = Release|Any CPU
		{5D2D3F0C-75D1-40EF-93EE-50C32B7202B3}.Release|Any CPU.Build.0 = Release|Any CPU
		{AFFAD31A-AF9F-4F2A-8410-03B6948BF012}.Debug|Any CPU.ActiveCfg = Debug|Any CPU
		{AFFAD31A-AF9F-4F2A-8410-03B6948BF012}.Debug|Any CPU.Build.0 = Debug|Any CPU
		{AFFAD31A-AF9F-4F2A-8410-03B6948BF012}.Release|Any CPU.ActiveCfg = Release|Any CPU
		{AFFAD31A-AF9F-4F2A-8410-03B6948BF012}.Release|Any CPU.Build.0 = Release|Any CPU
	EndGlobalSection
	GlobalSection(SolutionProperties) = preSolution
		HideSolutionNode = FALSE
	EndGlobalSection
	GlobalSection(ExtensibilityGlobals) = postSolution
		SolutionGuid = {D37C1363-7A53-43A6-9ECC-3FFEC7D2FF14}
	EndGlobalSection
EndGlobal
